
Microsoft Visual Studio Solution File, Format Version 12.00
# Visual Studio Version 16
VisualStudioVersion = 16.0.32510.428
MinimumVisualStudioVersion = 10.0.40219.1
Project("{FAE04EC0-301F-11D3-BF4B-00C04F79EFBC}") = "WebsiteBanHang", "WebsiteBanHang\WebsiteBanHang.csproj", "{05E026F6-381B-4AE2-883D-5B07F2A64822}"
EndProject
Global
	GlobalSection(SolutionConfigurationPlatforms) = preSolution
		Debug|Any CPU = Debug|Any CPU
		Release|Any CPU = Release|Any CPU
	EndGlobalSection
	GlobalSection(ProjectConfigurationPlatforms) = postSolution
		{05E026F6-381B-4AE2-883D-5B07F2A64822}.Debug|Any CPU.ActiveCfg = Debug|Any CPU
		{05E026F6-381B-4AE2-883D-5B07F2A64822}.Debug|Any CPU.Build.0 = Debug|Any CPU
		{05E026F6-381B-4AE2-883D-5B07F2A64822}.Release|Any CPU.ActiveCfg = Release|Any CPU
		{05E026F6-381B-4AE2-883D-5B07F2A64822}.Release|Any CPU.Build.0 = Release|Any CPU
	EndGlobalSection
	GlobalSection(SolutionProperties) = preSolution
		HideSolutionNode = FALSE
	EndGlobalSection
	GlobalSection(ExtensibilityGlobals) = postSolution
		SolutionGuid = {8A010A8B-611E-47C2-BE65-ED9920454301}
	EndGlobalSection
EndGlobal
